
Microsoft Visual Studio Solution File, Format Version 12.00
# Visual Studio Version 17
VisualStudioVersion = 17.11.35222.181
MinimumVisualStudioVersion = 10.0.40219.1
Project("{FAE04EC0-301F-11D3-BF4B-00C04F79EFBC}") = "MarcusBilOchBluffAB", "MarcusBilOchBluffAB\MarcusBilOchBluffAB.csproj", "{5FBFF6E1-169E-40EA-BF8F-E28E5CD7FC4E}"
EndProject
Global
	GlobalSection(SolutionConfigurationPlatforms) = preSolution
		Debug|Any CPU = Debug|Any CPU
		Release|Any CPU = Release|Any CPU
	EndGlobalSection
	GlobalSection(ProjectConfigurationPlatforms) = postSolution
		{5FBFF6E1-169E-40EA-BF8F-E28E5CD7FC4E}.Debug|Any CPU.ActiveCfg = Debug|Any CPU
		{5FBFF6E1-169E-40EA-BF8F-E28E5CD7FC4E}.Debug|Any CPU.Build.0 = Debug|Any CPU
		{5FBFF6E1-169E-40EA-BF8F-E28E5CD7FC4E}.Release|Any CPU.ActiveCfg = Release|Any CPU
		{5FBFF6E1-169E-40EA-BF8F-E28E5CD7FC4E}.Release|Any CPU.Build.0 = Release|Any CPU
	EndGlobalSection
	GlobalSection(SolutionProperties) = preSolution
		HideSolutionNode = FALSE
	EndGlobalSection
	GlobalSection(ExtensibilityGlobals) = postSolution
		SolutionGuid = {92F10786-F92A-46B3-A301-027729EBB5EC}
	EndGlobalSection
EndGlobal
